
Microsoft Visual Studio Solution File, Format Version 12.00
# Visual Studio Version 17
VisualStudioVersion = 17.14.37314.3 d17.14
MinimumVisualStudioVersion = 10.0.40219.1
Project("{FAE04EC0-301F-11D3-BF4B-00C04F79EFBC}") = "Cyber", "Cyber\Cyber.csproj", "{C170CFD5-B0F2-4D5E-BC0F-F0D48AAF60F1}"
EndProject
Global
	GlobalSection(SolutionConfigurationPlatforms) = preSolution
		Debug|Any CPU = Debug|Any CPU
		Release|Any CPU = Release|Any CPU
	EndGlobalSection
	GlobalSection(ProjectConfigurationPlatforms) = postSolution
		{C170CFD5-B0F2-4D5E-BC0F-F0D48AAF60F1}.Debug|Any CPU.ActiveCfg = Debug|Any CPU
		{C170CFD5-B0F2-4D5E-BC0F-F0D48AAF60F1}.Debug|Any CPU.Build.0 = Debug|Any CPU
		{C170CFD5-B0F2-4D5E-BC0F-F0D48AAF60F1}.Release|Any CPU.ActiveCfg = Release|Any CPU
		{C170CFD5-B0F2-4D5E-BC0F-F0D48AAF60F1}.Release|Any CPU.Build.0 = Release|Any CPU
	EndGlobalSection
	GlobalSection(SolutionProperties) = preSolution
		HideSolutionNode = FALSE
	EndGlobalSection
	GlobalSection(ExtensibilityGlobals) = postSolution
		SolutionGuid = {7909984C-B840-4913-8140-3F45AE54B34D}
	EndGlobalSection
EndGlobal
